# THIS IS AN AUTOGENERATED FILE. DO NOT EDIT THIS FILE DIRECTLY.
# yarn lockfile v1


"@chakra-ui/anatomy@1.0.1":
  version "1.0.1"
  resolved "https://registry.yarnpkg.com/@chakra-ui/anatomy/-/anatomy-1.0.1.tgz#62b4e372c8fc7caca0d0ee0f3b710b00220588b3"
  integrity sha512-eMmusEHhQJn465txOdEUM2yx2A2DoRfMQWwAxoW4GwwbJTD6q8fuGEIf6jaTQ7QtDLcJ9JOkYA7C0f3SKRTGGg==
  dependencies:
    "@chakra-ui/theme-tools" "^1.2.1"

"@chakra-ui/theme-tools@1.2.2", "@chakra-ui/theme-tools@^1.2.1":
  version "1.2.2"
  resolved "https://registry.yarnpkg.com/@chakra-ui/theme-tools/-/theme-tools-1.2.2.tgz#22feef17ee764f5989235c29f5ee3ffd25066f3a"
  integrity sha512-+2xPTW7/rFr++Qu/ibZsM1dq5qmvvjg6+Af4SRZw1AvjGq4CTxuV7upXo5zJM3Q3OgzOtU9Q9RATap3fhEHkyA==
  dependencies:
    "@chakra-ui/utils" "1.8.3"
    "@ctrl/tinycolor" "^3.4.0"

"@chakra-ui/theme@^1.10.4":
  version "1.10.4"
  resolved "https://registry.yarnpkg.com/@chakra-ui/theme/-/theme-1.10.4.tgz#6d1a39066a3a2e9e073455204b880af0acf6067f"
  integrity sha512-FaO5Qr1oGP+1JoCIotoqWT9RF0aguXmKjgz+4xDM8E+Gct6juuj+td43NfzeXr/FJXiXjL8u1G4RWxAeR2FxZQ==
  dependencies:
    "@chakra-ui/anatomy" "1.0.1"
    "@chakra-ui/theme-tools" "1.2.2"
    "@chakra-ui/utils" "1.8.3"

"@chakra-ui/utils@1.8.3":
  version "1.8.3"
  resolved "https://registry.yarnpkg.com/@chakra-ui/utils/-/utils-1.8.3.tgz#4eb6da7d772e483376ca47afeaf54cd453432340"
  integrity sha512-v184c2TYwQYBEcDI/9C1DjN668jZVTJeb/DPtucAjEHNi4T0py3tjGDbUd05LoNoZ64uijtWYanfrr6Abe4m1Q==
  dependencies:
    "@types/lodash.mergewith" "4.6.6"
    css-box-model "1.2.1"
    framesync "5.3.0"
    lodash.mergewith "4.6.2"

"@ctrl/tinycolor@^3.4.0":
  version "3.4.0"
  resolved "https://registry.yarnpkg.com/@ctrl/tinycolor/-/tinycolor-3.4.0.tgz#c3c5ae543c897caa9c2a68630bed355be5f9990f"
  integrity sha512-JZButFdZ1+/xAfpguQHoabIXkcqRRKpMrWKBkpEZZyxfY9C1DpADFB8PEqGSTeFr135SaTRfKqGKx5xSCLI7ZQ==

"@types/chroma-js@^2.1.3":
  version "2.1.3"
  resolved "https://registry.yarnpkg.com/@types/chroma-js/-/chroma-js-2.1.3.tgz#0b03d737ff28fad10eb884e0c6cedd5ffdc4ba0a"
  integrity sha512-1xGPhoSGY1CPmXLCBcjVZSQinFjL26vlR8ZqprsBWiFyED4JacJJ9zHhh5aaUXqbY9B37mKQ73nlydVAXmr1+g==

"@types/lodash.mergewith@4.6.6":
  version "4.6.6"
  resolved "https://registry.yarnpkg.com/@types/lodash.mergewith/-/lodash.mergewith-4.6.6.tgz#c4698f5b214a433ff35cb2c75ee6ec7f99d79f10"
  integrity sha512-RY/8IaVENjG19rxTZu9Nukqh0W2UrYgmBj5sdns4hWRZaV8PqR7wIKHFKzvOTjo4zVRV7sVI+yFhAJql12Kfqg==
  dependencies:
    "@types/lodash" "*"

"@types/lodash@*":
  version "4.14.175"
  resolved "https://registry.yarnpkg.com/@types/lodash/-/lodash-4.14.175.tgz#b78dfa959192b01fae0ad90e166478769b215f45"
  integrity sha512-XmdEOrKQ8a1Y/yxQFOMbC47G/V2VDO1GvMRnl4O75M4GW/abC5tnfzadQYkqEveqRM1dEJGFFegfPNA2vvx2iw==

chroma-js@^2.1.2:
  version "2.1.2"
  resolved "https://registry.yarnpkg.com/chroma-js/-/chroma-js-2.1.2.tgz#1075cb9ae25bcb2017c109394168b5cf3aa500ec"
  integrity sha512-ri/ouYDWuxfus3UcaMxC1Tfp3IE9K5iQzxc2hSxbBRVNQFut1UuGAsZmiAf2mOUubzGJwgMSv9lHg+XqLaz1QQ==
  dependencies:
    cross-env "^6.0.3"

cross-env@^6.0.3:
  version "6.0.3"
  resolved "https://registry.yarnpkg.com/cross-env/-/cross-env-6.0.3.tgz#4256b71e49b3a40637a0ce70768a6ef5c72ae941"
  integrity sha512-+KqxF6LCvfhWvADcDPqo64yVIB31gv/jQulX2NGzKS/g3GEVz6/pt4wjHFtFWsHMddebWD/sDthJemzM4MaAag==
  dependencies:
    cross-spawn "^7.0.0"

cross-spawn@^7.0.0:
  version "7.0.3"
  resolved "https://registry.yarnpkg.com/cross-spawn/-/cross-spawn-7.0.3.tgz#f73a85b9d5d41d045551c177e2882d4ac85728a6"
  integrity sha512-iRDPJKUPVEND7dHPO8rkbOnPpyDygcDFtWjpeWNCgy8WP2rXcxXL8TskReQl6OrB2G7+UJrags1q15Fudc7G6w==
  dependencies:
    path-key "^3.1.0"
    shebang-command "^2.0.0"
    which "^2.0.1"

css-box-model@1.2.1:
  version "1.2.1"
  resolved "https://registry.yarnpkg.com/css-box-model/-/css-box-model-1.2.1.tgz#59951d3b81fd6b2074a62d49444415b0d2b4d7c1"
  integrity sha512-a7Vr4Q/kd/aw96bnJG332W9V9LkJO69JRcaCYDUqjp6/z0w6VcZjgAcTbgFxEPfBgdnAwlh3iwu+hLopa+flJw==
  dependencies:
    tiny-invariant "^1.0.6"

framesync@5.3.0:
  version "5.3.0"
  resolved "https://registry.yarnpkg.com/framesync/-/framesync-5.3.0.tgz#0ecfc955e8f5a6ddc8fdb0cc024070947e1a0d9b"
  integrity sha512-oc5m68HDO/tuK2blj7ZcdEBRx3p1PjrgHazL8GYEpvULhrtGIFbQArN6cQS2QhW8mitffaB+VYzMjDqBxxQeoA==
  dependencies:
    tslib "^2.1.0"

isexe@^2.0.0:
  version "2.0.0"
  resolved "https://registry.yarnpkg.com/isexe/-/isexe-2.0.0.tgz#e8fbf374dc556ff8947a10dcb0572d633f2cfa10"
  integrity sha1-6PvzdNxVb/iUehDcsFctYz8s+hA=

lodash.mergewith@4.6.2:
  version "4.6.2"
  resolved "https://registry.yarnpkg.com/lodash.mergewith/-/lodash.mergewith-4.6.2.tgz#617121f89ac55f59047c7aec1ccd6654c6590f55"
  integrity sha512-GK3g5RPZWTRSeLSpgP8Xhra+pnjBC56q9FZYe1d5RN3TJ35dbkGy3YqBSMbyCrlbi+CM9Z3Jk5yTL7RCsqboyQ==

path-key@^3.1.0:
  version "3.1.1"
  resolved "https://registry.yarnpkg.com/path-key/-/path-key-3.1.1.tgz#581f6ade658cbba65a0d3380de7753295054f375"
  integrity sha512-ojmeN0qd+y0jszEtoY48r0Peq5dwMEkIlCOu6Q5f41lfkswXuKtYrhgoTpLnyIcHm24Uhqx+5Tqm2InSwLhE6Q==

shebang-command@^2.0.0:
  version "2.0.0"
  resolved "https://registry.yarnpkg.com/shebang-command/-/shebang-command-2.0.0.tgz#ccd0af4f8835fbdc265b82461aaf0c36663f34ea"
  integrity sha512-kHxr2zZpYtdmrN1qDjrrX/Z1rR1kG8Dx+gkpK1G4eXmvXswmcE1hTWBWYUzlraYw1/yZp6YuDY77YtvbN0dmDA==
  dependencies:
    shebang-regex "^3.0.0"

shebang-regex@^3.0.0:
  version "3.0.0"
  resolved "https://registry.yarnpkg.com/shebang-regex/-/shebang-regex-3.0.0.tgz#ae16f1644d873ecad843b0307b143362d4c42172"
  integrity sha512-7++dFhtcx3353uBaq8DDR4NuxBetBzC7ZQOhmTQInHEd6bSrXdiEyzCvG07Z44UYdLShWUyXt5M/yhz8ekcb1A==

tiny-invariant@^1.0.6:
  version "1.1.0"
  resolved "https://registry.yarnpkg.com/tiny-invariant/-/tiny-invariant-1.1.0.tgz#634c5f8efdc27714b7f386c35e6760991d230875"
  integrity sha512-ytxQvrb1cPc9WBEI/HSeYYoGD0kWnGEOR8RY6KomWLBVhqz0RgTwVO9dLrGz7dC+nN9llyI7OKAgRq8Vq4ZBSw==

tslib@^2.1.0:
  version "2.3.1"
  resolved "https://registry.yarnpkg.com/tslib/-/tslib-2.3.1.tgz#e8a335add5ceae51aa261d32a490158ef042ef01"
  integrity sha512-77EbyPPpMz+FRFRuAFlWMtmgUWGe9UOG2Z25NqCwiIjRhOf5iKGuzSe5P2w1laq+FkRy4p+PCuVkJSGkzTEKVw==

which@^2.0.1:
  version "2.0.2"
  resolved "https://registry.yarnpkg.com/which/-/which-2.0.2.tgz#7c6a8dd0a636a0327e10b59c9286eee93f3f51b1"
  integrity sha512-BLI3Tl1TW3Pvl70l3yq3Y64i+awpwXqsGBYWkkqMtnbXgrMD+yj7rhW0kuEDxzJaYXGjEW5ogapKNMEKNMjibA==
  dependencies:
    isexe "^2.0.0"
